
Microsoft Visual Studio Solution File, Format Version 12.00
# Visual Studio 15
VisualStudioVersion = 15.0.28307.271
MinimumVisualStudioVersion = 10.0.40219.1
Project("{FAE04EC0-301F-11D3-BF4B-00C04F79EFBC}") = "EzPulse", "EzPulse\EzPulse.csproj", "{10B2D496-BEB7-49D3-8C55-534B7B8D1C05}"
EndProject
Project("{FAE04EC0-301F-11D3-BF4B-00C04F79EFBC}") = "EzPulse.Web2", "EzPulse.Web2\EzPulse.Web2.csproj", "{9F06E20B-D3F3-4DF7-B9D8-36E0DBF4AEAE}"
EndProject
Global
	GlobalSection(SolutionConfigurationPlatforms) = preSolution
		Debug|Any CPU = Debug|Any CPU
		Release|Any CPU = Release|Any CPU
	EndGlobalSection
	GlobalSection(ProjectConfigurationPlatforms) = postSolution
		{10B2D496-BEB7-49D3-8C55-534B7B8D1C05}.Debug|Any CPU.ActiveCfg = Debug|Any CPU
		{10B2D496-BEB7-49D3-8C55-534B7B8D1C05}.Debug|Any CPU.Build.0 = Debug|Any CPU
		{10B2D496-BEB7-49D3-8C55-534B7B8D1C05}.Release|Any CPU.ActiveCfg = Release|Any CPU
		{10B2D496-BEB7-49D3-8C55-534B7B8D1C05}.Release|Any CPU.Build.0 = Release|Any CPU
		{9F06E20B-D3F3-4DF7-B9D8-36E0DBF4AEAE}.Debug|Any CPU.ActiveCfg = Debug|Any CPU
		{9F06E20B-D3F3-4DF7-B9D8-36E0DBF4AEAE}.Debug|Any CPU.Build.0 = Debug|Any CPU
		{9F06E20B-D3F3-4DF7-B9D8-36E0DBF4AEAE}.Release|Any CPU.ActiveCfg = Release|Any CPU
		{9F06E20B-D3F3-4DF7-B9D8-36E0DBF4AEAE}.Release|Any CPU.Build.0 = Release|Any CPU
	EndGlobalSection
	GlobalSection(SolutionProperties) = preSolution
		HideSolutionNode = FALSE
	EndGlobalSection
	GlobalSection(ExtensibilityGlobals) = postSolution
		SolutionGuid = {A08311D3-291C-4E80-BCD4-CEF5E3B8FCE3}
	EndGlobalSection
EndGlobal
